// !$*UTF8*$!
{
	archiveVersion = 1;
	classes = {
	};
	objectVersion = 77;
	objects = {

/* Begin PBXBuildFile section */
		AEC5569D2F54FC10005D6EC7 /* VitalTrack Watch App.app in Embed Watch Content */ = {isa = PBXBuildFile; fileRef = AEC5569C2F54FC10005D6EC7 /* VitalTrack Watch App.app */; settings = {ATTRIBUTES = (RemoveHeadersOnCopy, ); }; };
		AEC556B72F54FE2F005D6EC7 /* WidgetKit.framework in Frameworks */ = {isa = PBXBuildFile; fileRef = AEC556B62F54FE2F005D6EC7 /* WidgetKit.framework */; };
		AEC556B92F54FE2F005D6EC7 /* SwiftUI.framework in Frameworks */ = {isa = PBXBuildFile; fileRef = AEC556B82F54FE2F005D6EC7 /* SwiftUI.framework */; };
		AEC556C42F54FE33005D6EC7 /* VitalTrackWidgetExtension.appex in Embed Foundation Extensions */ = {isa = PBXBuildFile; fileRef = AEC556B42F54FE2F005D6EC7 /* VitalTrackWidgetExtension.appex */; settings = {ATTRIBUTES = (RemoveHeadersOnCopy, ); }; };
/* End PBXBuildFile section */

/* Begin PBXContainerItemProxy section */
		AEC5569E2F54FC10005D6EC7 /* PBXContainerItemProxy */ = {
			isa = PBXContainerItemProxy;
			containerPortal = AEC556902F54FC10005D6EC7 /* Project object */;
			proxyType = 1;
			remoteGlobalIDString = AEC5569B2F54FC10005D6EC7;
			remoteInfo = "VitalTrack Watch App";
		};
		AEC556C22F54FE33005D6EC7 /* PBXContainerItemProxy */ = {
			isa = PBXContainerItemProxy;
			containerPortal = AEC556902F54FC10005D6EC7 /* Project object */;
			proxyType = 1;
			remoteGlobalIDString = AEC556B32F54FE2F005D6EC7;
			remoteInfo = VitalTrackWidgetExtension;
		};
/* End PBXContainerItemProxy section */

/* Begin PBXCopyFilesBuildPhase section */
		AEC556AC2F54FC1A005D6EC7 /* Embed Watch Content */ = {
			isa = PBXCopyFilesBuildPhase;
			buildActionMask = 2147483647;
			dstPath = "$(CONTENTS_FOLDER_PATH)/Watch";
			dstSubfolderSpec = 16;
			files = (
				AEC5569D2F54FC10005D6EC7 /* VitalTrack Watch App.app in Embed Watch Content */,
			);
			name = "Embed Watch Content";
			runOnlyForDeploymentPostprocessing = 0;
		};
		AEC556C92F54FE33005D6EC7 /* Embed Foundation Extensions */ = {
			isa = PBXCopyFilesBuildPhase;
			buildActionMask = 2147483647;
			dstPath = "";
			dstSubfolderSpec = 13;
			files = (
				AEC556C42F54FE33005D6EC7 /* VitalTrackWidgetExtension.appex in Embed Foundation Extensions */,
			);
			name = "Embed Foundation Extensions";
			runOnlyForDeploymentPostprocessing = 0;
		};
/* End PBXCopyFilesBuildPhase section */

/* Begin PBXFileReference section */
		AEC556962F54FC10005D6EC7 /* VitalTrack.app */ = {isa = PBXFileReference; explicitFileType = wrapper.application; includeInIndex = 0; path = VitalTrack.app; sourceTree = BUILT_PRODUCTS_DIR; };
		AEC5569C2F54FC10005D6EC7 /* VitalTrack Watch App.app */ = {isa = PBXFileReference; explicitFileType = wrapper.application; includeInIndex = 0; path = "VitalTrack Watch App.app"; sourceTree = BUILT_PRODUCTS_DIR; };
		AEC556B42F54FE2F005D6EC7 /* VitalTrackWidgetExtension.appex */ = {isa = PBXFileReference; explicitFileType = "wrapper.app-extension"; includeInIndex = 0; path = VitalTrackWidgetExtension.appex; sourceTree = BUILT_PRODUCTS_DIR; };
		AEC556B62F54FE2F005D6EC7 /* WidgetKit.framework */ = {isa = PBXFileReference; lastKnownFileType = wrapper.framework; name = WidgetKit.framework; path = System/Library/Frameworks/WidgetKit.framework; sourceTree = SDKROOT; };
		AEC556B82F54FE2F005D6EC7 /* SwiftUI.framework */ = {isa = PBXFileReference; lastKnownFileType = wrapper.framework; name = SwiftUI.framework; path = System/Library/Frameworks/SwiftUI.framework; sourceTree = SDKROOT; };
/* End PBXFileReference section */

/* Begin PBXFileSystemSynchronizedBuildFileExceptionSet section */
		AEC556C52F54FE33005D6EC7 /* Exceptions for "VitalTrackWidget" folder in "VitalTrackWidgetExtension" target */ = {
			isa = PBXFileSystemSynchronizedBuildFileExceptionSet;
			membershipExceptions = (
				Info.plist,
			);
			target = AEC556B32F54FE2F005D6EC7 /* VitalTrackWidgetExtension */;
		};
/* End PBXFileSystemSynchronizedBuildFileExceptionSet section */

/* Begin PBXFileSystemSynchronizedRootGroup section */
		AEC556A02F54FC10005D6EC7 /* VitalTrack Watch App */ = {
			isa = PBXFileSystemSynchronizedRootGroup;
			path = "VitalTrack Watch App";
			sourceTree = "<group>";
		};
		AEC556BA2F54FE2F005D6EC7 /* VitalTrackWidget */ = {
			isa = PBXFileSystemSynchronizedRootGroup;
			exceptions = (
				AEC556C52F54FE33005D6EC7 /* Exceptions for "VitalTrackWidget" folder in "VitalTrackWidgetExtension" target */,
			);
			path = VitalTrackWidget;
			sourceTree = "<group>";
		};
/* End PBXFileSystemSynchronizedRootGroup section */

/* Begin PBXFrameworksBuildPhase section */
		AEC556992F54FC10005D6EC7 /* Frameworks */ = {
			isa = PBXFrameworksBuildPhase;
			buildActionMask = 2147483647;
			files = (
			);
			runOnlyForDeploymentPostprocessing = 0;
		};
		AEC556B12F54FE2F005D6EC7 /* Frameworks */ = {
			isa = PBXFrameworksBuildPhase;
			buildActionMask = 2147483647;
			files = (
				AEC556B92F54FE2F005D6EC7 /* SwiftUI.framework in Frameworks */,
				AEC556B72F54FE2F005D6EC7 /* WidgetKit.framework in Frameworks */,
			);
			runOnlyForDeploymentPostprocessing = 0;
		};
/* End PBXFrameworksBuildPhase section */

/* Begin PBXGroup section */
		AEC5568F2F54FC10005D6EC7 = {
			isa = PBXGroup;
			children = (
				AEC556A02F54FC10005D6EC7 /* VitalTrack Watch App */,
				AEC556BA2F54FE2F005D6EC7 /* VitalTrackWidget */,
				AEC556B52F54FE2F005D6EC7 /* Frameworks */,
				AEC556972F54FC10005D6EC7 /* Products */,
			);
			sourceTree = "<group>";
		};
		AEC556972F54FC10005D6EC7 /* Products */ = {
			isa = PBXGroup;
			children = (
				AEC556962F54FC10005D6EC7 /* VitalTrack.app */,
				AEC5569C2F54FC10005D6EC7 /* VitalTrack Watch App.app */,
				AEC556B42F54FE2F005D6EC7 /* VitalTrackWidgetExtension.appex */,
			);
			name = Products;
			sourceTree = "<group>";
		};
		AEC556B52F54FE2F005D6EC7 /* Frameworks */ = {
			isa = PBXGroup;
			children = (
				AEC556B62F54FE2F005D6EC7 /* WidgetKit.framework */,
				AEC556B82F54FE2F005D6EC7 /* SwiftUI.framework */,
			);
			name = Frameworks;
			sourceTree = "<group>";
		};
/* End PBXGroup section */

/* Begin PBXNativeTarget section */
		AEC556952F54FC10005D6EC7 /* VitalTrack */ = {
			isa = PBXNativeTarget;
			buildConfigurationList = AEC556AD2F54FC1A005D6EC7 /* Build configuration list for PBXNativeTarget "VitalTrack" */;
			buildPhases = (
				AEC556942F54FC10005D6EC7 /* Resources */,
				AEC556AC2F54FC1A005D6EC7 /* Embed Watch Content */,
			);
			buildRules = (
			);
			dependencies = (
				AEC5569F2F54FC10005D6EC7 /* PBXTargetDependency */,
			);
			name = VitalTrack;
			packageProductDependencies = (
			);
			productName = VitalTrack;
			productReference = AEC556962F54FC10005D6EC7 /* VitalTrack.app */;
			productType = "com.apple.product-type.application.watchapp2-container";
		};
		AEC5569B2F54FC10005D6EC7 /* VitalTrack Watch App */ = {
			isa = PBXNativeTarget;
			buildConfigurationList = AEC556A92F54FC1A005D6EC7 /* Build configuration list for PBXNativeTarget "VitalTrack Watch App" */;
			buildPhases = (
				AEC556982F54FC10005D6EC7 /* Sources */,
				AEC556992F54FC10005D6EC7 /* Frameworks */,
				AEC5569A2F54FC10005D6EC7 /* Resources */,
				AEC556C92F54FE33005D6EC7 /* Embed Foundation Extensions */,
			);
			buildRules = (
			);
			dependencies = (
				AEC556C32F54FE33005D6EC7 /* PBXTargetDependency */,
			);
			fileSystemSynchronizedGroups = (
				AEC556A02F54FC10005D6EC7 /* VitalTrack Watch App */,
			);
			name = "VitalTrack Watch App";
			packageProductDependencies = (
			);
			productName = "VitalTrack Watch App";
			productReference = AEC5569C2F54FC10005D6EC7 /* VitalTrack Watch App.app */;
			productType = "com.apple.product-type.application";
		};
		AEC556B32F54FE2F005D6EC7 /* VitalTrackWidgetExtension */ = {
			isa = PBXNativeTarget;
			buildConfigurationList = AEC556C62F54FE33005D6EC7 /* Build configuration list for PBXNativeTarget "VitalTrackWidgetExtension" */;
			buildPhases = (
				AEC556B02F54FE2F005D6EC7 /* Sources */,
				AEC556B12F54FE2F005D6EC7 /* Frameworks */,
				AEC556B22F54FE2F005D6EC7 /* Resources */,
			);
			buildRules = (
			);
			dependencies = (
			);
			fileSystemSynchronizedGroups = (
				AEC556BA2F54FE2F005D6EC7 /* VitalTrackWidget */,
			);
			name = VitalTrackWidgetExtension;
			packageProductDependencies = (
			);
			productName = VitalTrackWidgetExtension;
			productReference = AEC556B42F54FE2F005D6EC7 /* VitalTrackWidgetExtension.appex */;
			productType = "com.apple.product-type.app-extension";
		};
/* End PBXNativeTarget section */

/* Begin PBXProject section */
		AEC556902F54FC10005D6EC7 /* Project object */ = {
			isa = PBXProject;
			attributes = {
				BuildIndependentTargetsInParallel = 1;
				LastSwiftUpdateCheck = 2620;
				LastUpgradeCheck = 2620;
				TargetAttributes = {
					AEC556952F54FC10005D6EC7 = {
						CreatedOnToolsVersion = 26.2;
					};
					AEC5569B2F54FC10005D6EC7 = {
						CreatedOnToolsVersion = 26.2;
					};
					AEC556B32F54FE2F005D6EC7 = {
						CreatedOnToolsVersion = 26.2;
					};
				};
			};
			buildConfigurationList = AEC556932F54FC10005D6EC7 /* Build configuration list for PBXProject "VitalTrack" */;
			developmentRegion = en;
			hasScannedForEncodings = 0;
			knownRegions = (
				en,
				Base,
			);
			mainGroup = AEC5568F2F54FC10005D6EC7;
			minimizedProjectReferenceProxies = 1;
			preferredProjectObjectVersion = 77;
			productRefGroup = AEC556972F54FC10005D6EC7 /* Products */;
			projectDirPath = "";
			projectRoot = "";
			targets = (
				AEC556952F54FC10005D6EC7 /* VitalTrack */,
				AEC5569B2F54FC10005D6EC7 /* VitalTrack Watch App */,
				AEC556B32F54FE2F005D6EC7 /* VitalTrackWidgetExtension */,
			);
		};
/* End PBXProject section */

/* Begin PBXResourcesBuildPhase section */
		AEC556942F54FC10005D6EC7 /* Resources */ = {
			isa = PBXResourcesBuildPhase;
			buildActionMask = 2147483647;
			files = (
			);
			runOnlyForDeploymentPostprocessing = 0;
		};
		AEC5569A2F54FC10005D6EC7 /* Resources */ = {
			isa = PBXResourcesBuildPhase;
			buildActionMask = 2147483647;
			files = (
			);
			runOnlyForDeploymentPostprocessing = 0;
		};
		AEC556B22F54FE2F005D6EC7 /* Resources */ = {
			isa = PBXResourcesBuildPhase;
			buildActionMask = 2147483647;
			files = (
			);
			runOnlyForDeploymentPostprocessing = 0;
		};
/* End PBXResourcesBuildPhase section */

/* Begin PBXSourcesBuildPhase section */
		AEC556982F54FC10005D6EC7 /* Sources */ = {
			isa = PBXSourcesBuildPhase;
			buildActionMask = 2147483647;
			files = (
			);
			runOnlyForDeploymentPostprocessing = 0;
		};
		AEC556B02F54FE2F005D6EC7 /* Sources */ = {
			isa = PBXSourcesBuildPhase;
			buildActionMask = 2147483647;
			files = (
			);
			runOnlyForDeploymentPostprocessing = 0;
		};
/* End PBXSourcesBuildPhase section */

/* Begin PBXTargetDependency section */
		AEC5569F2F54FC10005D6EC7 /* PBXTargetDependency */ = {
			isa = PBXTargetDependency;
			target = AEC5569B2F54FC10005D6EC7 /* VitalTrack Watch App */;
			targetProxy = AEC5569E2F54FC10005D6EC7 /* PBXContainerItemProxy */;
		};
		AEC556C32F54FE33005D6EC7 /* PBXTargetDependency */ = {
			isa = PBXTargetDependency;
			target = AEC556B32F54FE2F005D6EC7 /* VitalTrackWidgetExtension */;
			targetProxy = AEC556C22F54FE33005D6EC7 /* PBXContainerItemProxy */;
		};
/* End PBXTargetDependency section */

/* Begin XCBuildConfiguration section */
		AEC556A72F54FC1A005D6EC7 /* Debug */ = {
			isa = XCBuildConfiguration;
			buildSettings = {
				ALWAYS_SEARCH_USER_PATHS = NO;
				ASSETCATALOG_COMPILER_GENERATE_SWIFT_ASSET_SYMBOL_EXTENSIONS = YES;
				CLANG_ANALYZER_NONNULL = YES;
				CLANG_ANALYZER_NUMBER_OBJECT_CONVERSION = YES_AGGRESSIVE;
				CLANG_CXX_LANGUAGE_STANDARD = "gnu++20";
				CLANG_ENABLE_MODULES = YES;
				CLANG_ENABLE_OBJC_ARC = YES;
				CLANG_ENABLE_OBJC_WEAK = YES;
				CLANG_WARN_BLOCK_CAPTURE_AUTORELEASING = YES;
				CLANG_WARN_BOOL_CONVERSION = YES;
				CLANG_WARN_COMMA = YES;
				CLANG_WARN_CONSTANT_CONVERSION = YES;
				CLANG_WARN_DEPRECATED_OBJC_IMPLEMENTATIONS = YES;
				CLANG_WARN_DIRECT_OBJC_ISA_USAGE = YES_ERROR;
				CLANG_WARN_DOCUMENTATION_COMMENTS = YES;
				CLANG_WARN_EMPTY_BODY = YES;
				CLANG_WARN_ENUM_CONVERSION = YES;
				CLANG_WARN_INFINITE_RECURSION = YES;
				CLANG_WARN_INT_CONVERSION = YES;
				CLANG_WARN_NON_LITERAL_NULL_CONVERSION = YES;
				CLANG_WARN_OBJC_IMPLICIT_RETAIN_SELF = YES;
				CLANG_WARN_OBJC_LITERAL_CONVERSION = YES;
				CLANG_WARN_OBJC_ROOT_CLASS = YES_ERROR;
				CLANG_WARN_QUOTED_INCLUDE_IN_FRAMEWORK_HEADER = YES;
				CLANG_WARN_RANGE_LOOP_ANALYSIS = YES;
				CLANG_WARN_STRICT_PROTOTYPES = YES;
				CLANG_WARN_SUSPICIOUS_MOVE = YES;
				CLANG_WARN_UNGUARDED_AVAILABILITY = YES_AGGRESSIVE;
				CLANG_WARN_UNREACHABLE_CODE = YES;
				CLANG_WARN__DUPLICATE_METHOD_MATCH = YES;
				COPY_PHASE_STRIP = NO;
				DEBUG_INFORMATION_FORMAT = dwarf;
				ENABLE_STRICT_OBJC_MSGSEND = YES;
				ENABLE_TESTABILITY = YES;
				ENABLE_USER_SCRIPT_SANDBOXING = YES;
				GCC_C_LANGUAGE_STANDARD = gnu17;
				GCC_DYNAMIC_NO_PIC = NO;
				GCC_NO_COMMON_BLOCKS = YES;
				GCC_OPTIMIZATION_LEVEL = 0;
				GCC_PREPROCESSOR_DEFINITIONS = (
					"DEBUG=1",
					"$(inherited)",
				);
				GCC_WARN_64_TO_32_BIT_CONVERSION = YES;
				GCC_WARN_ABOUT_RETURN_TYPE = YES_ERROR;
				GCC_WARN_UNDECLARED_SELECTOR = YES;
				GCC_WARN_UNINITIALIZED_AUTOS = YES_AGGRESSIVE;
				GCC_WARN_UNUSED_FUNCTION = YES;
				GCC_WARN_UNUSED_VARIABLE = YES;
				LOCALIZATION_PREFERS_STRING_CATALOGS = YES;
				MTL_ENABLE_DEBUG_INFO = INCLUDE_SOURCE;
				MTL_FAST_MATH = YES;
				ONLY_ACTIVE_ARCH = YES;
				SWIFT_ACTIVE_COMPILATION_CONDITIONS = "DEBUG $(inherited)";
				SWIFT_OPTIMIZATION_LEVEL = "-Onone";
			};
			name = Debug;
		};
		AEC556A82F54FC1A005D6EC7 /* Release */ = {
			isa = XCBuildConfiguration;
			buildSettings = {
				ALWAYS_SEARCH_USER_PATHS = NO;
				ASSETCATALOG_COMPILER_GENERATE_SWIFT_ASSET_SYMBOL_EXTENSIONS = YES;
				CLANG_ANALYZER_NONNULL = YES;
				CLANG_ANALYZER_NUMBER_OBJECT_CONVERSION = YES_AGGRESSIVE;
				CLANG_CXX_LANGUAGE_STANDARD = "gnu++20";
				CLANG_ENABLE_MODULES = YES;
				CLANG_ENABLE_OBJC_ARC = YES;
				CLANG_ENABLE_OBJC_WEAK = YES;
				CLANG_WARN_BLOCK_CAPTURE_AUTORELEASING = YES;
				CLANG_WARN_BOOL_CONVERSION = YES;
				CLANG_WARN_COMMA = YES;
				CLANG_WARN_CONSTANT_CONVERSION = YES;
				CLANG_WARN_DEPRECATED_OBJC_IMPLEMENTATIONS = YES;
				CLANG_WARN_DIRECT_OBJC_ISA_USAGE = YES_ERROR;
				CLANG_WARN_DOCUMENTATION_COMMENTS = YES;
				CLANG_WARN_EMPTY_BODY = YES;
				CLANG_WARN_ENUM_CONVERSION = YES;
				CLANG_WARN_INFINITE_RECURSION = YES;
				CLANG_WARN_INT_CONVERSION = YES;
				CLANG_WARN_NON_LITERAL_NULL_CONVERSION = YES;
				CLANG_WARN_OBJC_IMPLICIT_RETAIN_SELF = YES;
				CLANG_WARN_OBJC_LITERAL_CONVERSION = YES;
				CLANG_WARN_OBJC_ROOT_CLASS = YES_ERROR;
				CLANG_WARN_QUOTED_INCLUDE_IN_FRAMEWORK_HEADER = YES;
				CLANG_WARN_RANGE_LOOP_ANALYSIS = YES;
				CLANG_WARN_STRICT_PROTOTYPES = YES;
				CLANG_WARN_SUSPICIOUS_MOVE = YES;
				CLANG_WARN_UNGUARDED_AVAILABILITY = YES_AGGRESSIVE;
				CLANG_WARN_UNREACHABLE_CODE = YES;
				CLANG_WARN__DUPLICATE_METHOD_MATCH = YES;
				COPY_PHASE_STRIP = NO;
				DEBUG_INFORMATION_FORMAT = "dwarf-with-dsym";
				ENABLE_NS_ASSERTIONS = NO;
				ENABLE_STRICT_OBJC_MSGSEND = YES;
				ENABLE_USER_SCRIPT_SANDBOXING = YES;
				GCC_C_LANGUAGE_STANDARD = gnu17;
				GCC_NO_COMMON_BLOCKS = YES;
				GCC_WARN_64_TO_32_BIT_CONVERSION = YES;
				GCC_WARN_ABOUT_RETURN_TYPE = YES_ERROR;
				GCC_WARN_UNDECLARED_SELECTOR = YES;
				GCC_WARN_UNINITIALIZED_AUTOS = YES_AGGRESSIVE;
				GCC_WARN_UNUSED_FUNCTION = YES;
				GCC_WARN_UNUSED_VARIABLE = YES;
				LOCALIZATION_PREFERS_STRING_CATALOGS = YES;
				MTL_ENABLE_DEBUG_INFO = NO;
				MTL_FAST_MATH = YES;
				SWIFT_COMPILATION_MODE = wholemodule;
			};
			name = Release;
		};
		AEC556AA2F54FC1A005D6EC7 /* Debug */ = {
			isa = XCBuildConfiguration;
			buildSettings = {
				ASSETCATALOG_COMPILER_APPICON_NAME = AppIcon;
				ASSETCATALOG_COMPILER_GLOBAL_ACCENT_COLOR_NAME = AccentColor;
				CODE_SIGN_STYLE = Automatic;
				CURRENT_PROJECT_VERSION = 1;
				DEVELOPMENT_TEAM = DYVRJJXXLV;
				ENABLE_PREVIEWS = YES;
				GENERATE_INFOPLIST_FILE = YES;
				INFOPLIST_KEY_CFBundleDisplayName = VitalTrack;
				INFOPLIST_KEY_UISupportedInterfaceOrientations = "UIInterfaceOrientationPortrait UIInterfaceOrientationPortraitUpsideDown";
				INFOPLIST_KEY_WKWatchOnly = YES;
				LD_RUNPATH_SEARCH_PATHS = (
					"$(inherited)",
					"@executable_path/Frameworks",
				);
				MARKETING_VERSION = 1.0;
				PRODUCT_BUNDLE_IDENTIFIER = vtapp.VitalTrack.watchkitapp;
				PRODUCT_NAME = "$(TARGET_NAME)";
				SDKROOT = watchos;
				SKIP_INSTALL = YES;
				STRING_CATALOG_GENERATE_SYMBOLS = YES;
				SWIFT_APPROACHABLE_CONCURRENCY = YES;
				SWIFT_DEFAULT_ACTOR_ISOLATION = MainActor;
				SWIFT_EMIT_LOC_STRINGS = YES;
				SWIFT_UPCOMING_FEATURE_MEMBER_IMPORT_VISIBILITY = YES;
				SWIFT_VERSION = 5.0;
				TARGETED_DEVICE_FAMILY = 4;
				WATCHOS_DEPLOYMENT_TARGET = 26.2;
			};
			name = Debug;
		};
		AEC556AB2F54FC1A005D6EC7 /* Release */ = {
			isa = XCBuildConfiguration;
			buildSettings = {
				ASSETCATALOG_COMPILER_APPICON_NAME = AppIcon;
				ASSETCATALOG_COMPILER_GLOBAL_ACCENT_COLOR_NAME = AccentColor;
				CODE_SIGN_STYLE = Automatic;
				CURRENT_PROJECT_VERSION = 1;
				DEVELOPMENT_TEAM = DYVRJJXXLV;
				ENABLE_PREVIEWS = YES;
				GENERATE_INFOPLIST_FILE = YES;
				INFOPLIST_KEY_CFBundleDisplayName = VitalTrack;
				INFOPLIST_KEY_UISupportedInterfaceOrientations = "UIInterfaceOrientationPortrait UIInterfaceOrientationPortraitUpsideDown";
				INFOPLIST_KEY_WKWatchOnly = YES;
				LD_RUNPATH_SEARCH_PATHS = (
					"$(inherited)",
					"@executable_path/Frameworks",
				);
				MARKETING_VERSION = 1.0;
				PRODUCT_BUNDLE_IDENTIFIER = vtapp.VitalTrack.watchkitapp;
				PRODUCT_NAME = "$(TARGET_NAME)";
				SDKROOT = watchos;
				SKIP_INSTALL = YES;
				STRING_CATALOG_GENERATE_SYMBOLS = YES;
				SWIFT_APPROACHABLE_CONCURRENCY = YES;
				SWIFT_DEFAULT_ACTOR_ISOLATION = MainActor;
				SWIFT_EMIT_LOC_STRINGS = YES;
				SWIFT_UPCOMING_FEATURE_MEMBER_IMPORT_VISIBILITY = YES;
				SWIFT_VERSION = 5.0;
				TARGETED_DEVICE_FAMILY = 4;
				VALIDATE_PRODUCT = YES;
				WATCHOS_DEPLOYMENT_TARGET = 26.2;
			};
			name = Release;
		};
		AEC556AE2F54FC1A005D6EC7 /* Debug */ = {
			isa = XCBuildConfiguration;
			buildSettings = {
				CODE_SIGN_STYLE = Automatic;
				CURRENT_PROJECT_VERSION = 1;
				DEVELOPMENT_TEAM = DYVRJJXXLV;
				INFOPLIST_KEY_CFBundleDisplayName = VitalTrack;
				MARKETING_VERSION = 1.0;
				PRODUCT_BUNDLE_IDENTIFIER = vtapp.VitalTrack;
				PRODUCT_NAME = "$(TARGET_NAME)";
				SDKROOT = iphoneos;
				SWIFT_APPROACHABLE_CONCURRENCY = YES;
				SWIFT_UPCOMING_FEATURE_MEMBER_IMPORT_VISIBILITY = YES;
				SWIFT_VERSION = 5.0;
			};
			name = Debug;
		};
		AEC556AF2F54FC1A005D6EC7 /* Release */ = {
			isa = XCBuildConfiguration;
			buildSettings = {
				CODE_SIGN_STYLE = Automatic;
				CURRENT_PROJECT_VERSION = 1;
				DEVELOPMENT_TEAM = DYVRJJXXLV;
				INFOPLIST_KEY_CFBundleDisplayName = VitalTrack;
				MARKETING_VERSION = 1.0;
				PRODUCT_BUNDLE_IDENTIFIER = vtapp.VitalTrack;
				PRODUCT_NAME = "$(TARGET_NAME)";
				SDKROOT = iphoneos;
				SWIFT_APPROACHABLE_CONCURRENCY = YES;
				SWIFT_UPCOMING_FEATURE_MEMBER_IMPORT_VISIBILITY = YES;
				SWIFT_VERSION = 5.0;
				VALIDATE_PRODUCT = YES;
			};
			name = Release;
		};
		AEC556C72F54FE33005D6EC7 /* Debug */ = {
			isa = XCBuildConfiguration;
			buildSettings = {
				ASSETCATALOG_COMPILER_GLOBAL_ACCENT_COLOR_NAME = AccentColor;
				ASSETCATALOG_COMPILER_WIDGET_BACKGROUND_COLOR_NAME = WidgetBackground;
				CODE_SIGN_STYLE = Automatic;
				CURRENT_PROJECT_VERSION = 1;
				DEVELOPMENT_TEAM = DYVRJJXXLV;
				GENERATE_INFOPLIST_FILE = YES;
				INFOPLIST_FILE = VitalTrackWidget/Info.plist;
				INFOPLIST_KEY_CFBundleDisplayName = VitalTrackWidget;
				INFOPLIST_KEY_NSHumanReadableCopyright = "";
				LD_RUNPATH_SEARCH_PATHS = (
					"$(inherited)",
					"@executable_path/Frameworks",
					"@executable_path/../../Frameworks",
					"@executable_path/../../../../Frameworks",
				);
				MARKETING_VERSION = 1.0;
				PRODUCT_BUNDLE_IDENTIFIER = vtapp.VitalTrack.watchkitapp.VitalTrackWidget;
				PRODUCT_NAME = "$(TARGET_NAME)";
				SDKROOT = watchos;
				SKIP_INSTALL = YES;
				STRING_CATALOG_GENERATE_SYMBOLS = YES;
				SWIFT_APPROACHABLE_CONCURRENCY = YES;
				SWIFT_EMIT_LOC_STRINGS = YES;
				SWIFT_UPCOMING_FEATURE_MEMBER_IMPORT_VISIBILITY = YES;
				SWIFT_VERSION = 5.0;
				TARGETED_DEVICE_FAMILY = 4;
				WATCHOS_DEPLOYMENT_TARGET = 26.2;
			};
			name = Debug;
		};
		AEC556C82F54FE33005D6EC7 /* Release */ = {
			isa = XCBuildConfiguration;
			buildSettings = {
				ASSETCATALOG_COMPILER_GLOBAL_ACCENT_COLOR_NAME = AccentColor;
				ASSETCATALOG_COMPILER_WIDGET_BACKGROUND_COLOR_NAME = WidgetBackground;
				CODE_SIGN_STYLE = Automatic;
				CURRENT_PROJECT_VERSION = 1;
				DEVELOPMENT_TEAM = DYVRJJXXLV;
				GENERATE_INFOPLIST_FILE = YES;
				INFOPLIST_FILE = VitalTrackWidget/Info.plist;
				INFOPLIST_KEY_CFBundleDisplayName = VitalTrackWidget;
				INFOPLIST_KEY_NSHumanReadableCopyright = "";
				LD_RUNPATH_SEARCH_PATHS = (
					"$(inherited)",
					"@executable_path/Frameworks",
					"@executable_path/../../Frameworks",
					"@executable_path/../../../../Frameworks",
				);
				MARKETING_VERSION = 1.0;
				PRODUCT_BUNDLE_IDENTIFIER = vtapp.VitalTrack.watchkitapp.VitalTrackWidget;
				PRODUCT_NAME = "$(TARGET_NAME)";
				SDKROOT = watchos;
				SKIP_INSTALL = YES;
				STRING_CATALOG_GENERATE_SYMBOLS = YES;
				SWIFT_APPROACHABLE_CONCURRENCY = YES;
				SWIFT_EMIT_LOC_STRINGS = YES;
				SWIFT_UPCOMING_FEATURE_MEMBER_IMPORT_VISIBILITY = YES;
				SWIFT_VERSION = 5.0;
				TARGETED_DEVICE_FAMILY = 4;
				VALIDATE_PRODUCT = YES;
				WATCHOS_DEPLOYMENT_TARGET = 26.2;
			};
			name = Release;
		};
/* End XCBuildConfiguration section */

/* Begin XCConfigurationList section */
		AEC556932F54FC10005D6EC7 /* Build configuration list for PBXProject "VitalTrack" */ = {
			isa = XCConfigurationList;
			buildConfigurations = (
				AEC556A72F54FC1A005D6EC7 /* Debug */,
				AEC556A82F54FC1A005D6EC7 /* Release */,
			);
			defaultConfigurationIsVisible = 0;
			defaultConfigurationName = Release;
		};
		AEC556A92F54FC1A005D6EC7 /* Build configuration list for PBXNativeTarget "VitalTrack Watch App" */ = {
			isa = XCConfigurationList;
			buildConfigurations = (
				AEC556AA2F54FC1A005D6EC7 /* Debug */,
				AEC556AB2F54FC1A005D6EC7 /* Release */,
			);
			defaultConfigurationIsVisible = 0;
			defaultConfigurationName = Release;
		};
		AEC556AD2F54FC1A005D6EC7 /* Build configuration list for PBXNativeTarget "VitalTrack" */ = {
			isa = XCConfigurationList;
			buildConfigurations = (
				AEC556AE2F54FC1A005D6EC7 /* Debug */,
				AEC556AF2F54FC1A005D6EC7 /* Release */,
			);
			defaultConfigurationIsVisible = 0;
			defaultConfigurationName = Release;
		};
		AEC556C62F54FE33005D6EC7 /* Build configuration list for PBXNativeTarget "VitalTrackWidgetExtension" */ = {
			isa = XCConfigurationList;
			buildConfigurations = (
				AEC556C72F54FE33005D6EC7 /* Debug */,
				AEC556C82F54FE33005D6EC7 /* Release */,
			);
			defaultConfigurationIsVisible = 0;
			defaultConfigurationName = Release;
		};
/* End XCConfigurationList section */
	};
	rootObject = AEC556902F54FC10005D6EC7 /* Project object */;
}
